# THIS IS AN AUTOGENERATED FILE. DO NOT EDIT THIS FILE DIRECTLY.
# yarn lockfile v1


serial-node@^0.0.11:
  version "0.0.11"
  resolved "https://registry.yarnpkg.com/serial-node/-/serial-node-0.0.11.tgz#4aef5ec9345b76beb323e7dff5e374fbc630d91d"
  integrity sha512-pfOogEFKl13IwINUY2rTjLbBEJzDusCqNQm0AggEODJy8OkBP3CBlcYQ6LWFrNdH8uND/lOogDCBoIjK1VfK+w==
